// !$*UTF8*$!
{
	archiveVersion = 1;
	classes = {
	};
	objectVersion = 52;
	objects = {

/* Begin PBXBuildFile section */
		873FC15D2236072C008C7AB5 /* AppDelegate.swift in Sources */ = {isa = PBXBuildFile; fileRef = 873FC15C2236072C008C7AB5 /* AppDelegate.swift */; };
		873FC15F2236072D008C7AB5 /* LiveViewController.swift in Sources */ = {isa = PBXBuildFile; fileRef = 873FC15E2236072D008C7AB5 /* LiveViewController.swift */; };
		873FC1642236072D008C7AB5 /* Assets.xcassets in Resources */ = {isa = PBXBuildFile; fileRef = 873FC1632236072D008C7AB5 /* Assets.xcassets */; };
		873FC1672236072D008C7AB5 /* LaunchScreen.storyboard in Resources */ = {isa = PBXBuildFile; fileRef = 873FC1652236072D008C7AB5 /* LaunchScreen.storyboard */; };
		87593697223E293300AF47AF /* Colors.swift in Sources */ = {isa = PBXBuildFile; fileRef = 87593696223E293300AF47AF /* Colors.swift */; };
		87593699223E2B2300AF47AF /* UIColor+.swift in Sources */ = {isa = PBXBuildFile; fileRef = 87593698223E2B2300AF47AF /* UIColor+.swift */; };
		87C2146B223614A2001E1FA2 /* LiveViewModel.swift in Sources */ = {isa = PBXBuildFile; fileRef = 87C2146A223614A2001E1FA2 /* LiveViewModel.swift */; };
		87C2146D223614FE001E1FA2 /* LiveView.swift in Sources */ = {isa = PBXBuildFile; fileRef = 87C2146C223614FE001E1FA2 /* LiveView.swift */; };
		87C2147522361711001E1FA2 /* UIView+.swift in Sources */ = {isa = PBXBuildFile; fileRef = 87C2147422361711001E1FA2 /* UIView+.swift */; };
		87C2147E223628E6001E1FA2 /* NSObjectCoordinator.swift in Sources */ = {isa = PBXBuildFile; fileRef = 87C2147D223628E6001E1FA2 /* NSObjectCoordinator.swift */; };
		87C214822236590D001E1FA2 /* SettingViewController.swift in Sources */ = {isa = PBXBuildFile; fileRef = 87C214812236590D001E1FA2 /* SettingViewController.swift */; };
		87C21486223659F6001E1FA2 /* AlertPresenter.swift in Sources */ = {isa = PBXBuildFile; fileRef = 87C21485223659F6001E1FA2 /* AlertPresenter.swift */; };
		87C2148822365A90001E1FA2 /* SettingViewPresenter.swift in Sources */ = {isa = PBXBuildFile; fileRef = 87C2148722365A90001E1FA2 /* SettingViewPresenter.swift */; };
		87C2149022365CE9001E1FA2 /* PeerTableViewModel.swift in Sources */ = {isa = PBXBuildFile; fileRef = 87C2148F22365CE9001E1FA2 /* PeerTableViewModel.swift */; };
		87C2149222365DAE001E1FA2 /* PeerIDTableCell.swift in Sources */ = {isa = PBXBuildFile; fileRef = 87C2149122365DAE001E1FA2 /* PeerIDTableCell.swift */; };
		87C2149422365E13001E1FA2 /* ConnectionButtonModel.swift in Sources */ = {isa = PBXBuildFile; fileRef = 87C2149322365E13001E1FA2 /* ConnectionButtonModel.swift */; };
		87C2149622365EE5001E1FA2 /* PeerIDTableProtocols.swift in Sources */ = {isa = PBXBuildFile; fileRef = 87C2149522365EE5001E1FA2 /* PeerIDTableProtocols.swift */; };
		87ED8B1A22380B5E00251B71 /* CellContentCoordinator.swift in Sources */ = {isa = PBXBuildFile; fileRef = 87ED8B1922380B5D00251B71 /* CellContentCoordinator.swift */; };
		962845D1262F3F9D00D99451 /* MultipeerLiveKit in Frameworks */ = {isa = PBXBuildFile; productRef = 962845D0262F3F9D00D99451 /* MultipeerLiveKit */; };
		962845D4262F3FC800D99451 /* SnapKit in Frameworks */ = {isa = PBXBuildFile; productRef = 962845D3262F3FC800D99451 /* SnapKit */; };
		96448F31266410C20035B32C /* AVView.swift in Sources */ = {isa = PBXBuildFile; fileRef = 96448F30266410C20035B32C /* AVView.swift */; };
		96448F33266495520035B32C /* UIImage+Ext.swift in Sources */ = {isa = PBXBuildFile; fileRef = 96448F32266495520035B32C /* UIImage+Ext.swift */; };
		967C60E2263A238E00D07BF1 /* LivePresenter.swift in Sources */ = {isa = PBXBuildFile; fileRef = 967C60C4263A238E00D07BF1 /* LivePresenter.swift */; };
		967C60E3263A238E00D07BF1 /* MediaPresenter.swift in Sources */ = {isa = PBXBuildFile; fileRef = 967C60C5263A238E00D07BF1 /* MediaPresenter.swift */; };
		967C60E4263A238E00D07BF1 /* utils.swift in Sources */ = {isa = PBXBuildFile; fileRef = 967C60C7263A238E00D07BF1 /* utils.swift */; };
		967C60E5263A238E00D07BF1 /* BrowserModel.swift in Sources */ = {isa = PBXBuildFile; fileRef = 967C60C9263A238E00D07BF1 /* BrowserModel.swift */; };
		967C60E6263A238E00D07BF1 /* MultipeerProtocols.swift in Sources */ = {isa = PBXBuildFile; fileRef = 967C60CA263A238E00D07BF1 /* MultipeerProtocols.swift */; };
		967C60E7263A238E00D07BF1 /* AdvertisingModel.swift in Sources */ = {isa = PBXBuildFile; fileRef = 967C60CB263A238E00D07BF1 /* AdvertisingModel.swift */; };
		967C60E8263A238E00D07BF1 /* MCSessionManager.swift in Sources */ = {isa = PBXBuildFile; fileRef = 967C60CC263A238E00D07BF1 /* MCSessionManager.swift */; };
		967C60E9263A238E00D07BF1 /* NSObject+.swift in Sources */ = {isa = PBXBuildFile; fileRef = 967C60CE263A238E00D07BF1 /* NSObject+.swift */; };
		967C60EA263A238E00D07BF1 /* MCPeerID+.swift in Sources */ = {isa = PBXBuildFile; fileRef = 967C60CF263A238E00D07BF1 /* MCPeerID+.swift */; };
		967C60EB263A238E00D07BF1 /* RandomGenerater.swift in Sources */ = {isa = PBXBuildFile; fileRef = 967C60D2263A238E00D07BF1 /* RandomGenerater.swift */; };
		967C60EC263A238E00D07BF1 /* PeerIDHelper.swift in Sources */ = {isa = PBXBuildFile; fileRef = 967C60D3263A238E00D07BF1 /* PeerIDHelper.swift */; };
		967C60ED263A238E00D07BF1 /* TimerManager.swift in Sources */ = {isa = PBXBuildFile; fileRef = 967C60D4263A238E00D07BF1 /* TimerManager.swift */; };
		967C60EE263A238E00D07BF1 /* MCStreamHelper.swift in Sources */ = {isa = PBXBuildFile; fileRef = 967C60D5263A238E00D07BF1 /* MCStreamHelper.swift */; };
		967C60EF263A238E00D07BF1 /* VideoOnlyHelper.swift in Sources */ = {isa = PBXBuildFile; fileRef = 967C60D6263A238E00D07BF1 /* VideoOnlyHelper.swift */; };
		967C60F0263A238E00D07BF1 /* DataReader.swift in Sources */ = {isa = PBXBuildFile; fileRef = 967C60D7263A238E00D07BF1 /* DataReader.swift */; };
		967C60F1263A238E00D07BF1 /* CameraProtocols.swift in Sources */ = {isa = PBXBuildFile; fileRef = 967C60DA263A238E00D07BF1 /* CameraProtocols.swift */; };
		967C60F2263A238E00D07BF1 /* SampleBufferCamera.swift in Sources */ = {isa = PBXBuildFile; fileRef = 967C60DB263A238E00D07BF1 /* SampleBufferCamera.swift */; };
		967C60F3263A238E00D07BF1 /* VideoDataConverter.swift in Sources */ = {isa = PBXBuildFile; fileRef = 967C60DC263A238E00D07BF1 /* VideoDataConverter.swift */; };
		967C60F4263A238E00D07BF1 /* AudioPlayer.swift in Sources */ = {isa = PBXBuildFile; fileRef = 967C60DE263A238E00D07BF1 /* AudioPlayer.swift */; };
		967C60F5263A238E00D07BF1 /* AudioProtocols.swift in Sources */ = {isa = PBXBuildFile; fileRef = 967C60DF263A238E00D07BF1 /* AudioProtocols.swift */; };
		967C60F6263A238E00D07BF1 /* AudioCaptureModel.swift in Sources */ = {isa = PBXBuildFile; fileRef = 967C60E0263A238E00D07BF1 /* AudioCaptureModel.swift */; };
		967C60F7263A238E00D07BF1 /* AudioDataConverter.swift in Sources */ = {isa = PBXBuildFile; fileRef = 967C60E1263A238E00D07BF1 /* AudioDataConverter.swift */; };
		967C60FA263A23B300D07BF1 /* README.md in Resources */ = {isa = PBXBuildFile; fileRef = 967C60F8263A23B300D07BF1 /* README.md */; };
/* End PBXBuildFile section */

/* Begin PBXCopyFilesBuildPhase section */
		873FC1782236090F008C7AB5 /* Embed Frameworks */ = {
			isa = PBXCopyFilesBuildPhase;
			buildActionMask = 2147483647;
			dstPath = "";
			dstSubfolderSpec = 10;
			files = (
			);
			name = "Embed Frameworks";
			runOnlyForDeploymentPostprocessing = 0;
		};
/* End PBXCopyFilesBuildPhase section */

/* Begin PBXFileReference section */
		873FC1592236072C008C7AB5 /* MultiPeerLiveKitDemo.app */ = {isa = PBXFileReference; explicitFileType = wrapper.application; includeInIndex = 0; path = MultiPeerLiveKitDemo.app; sourceTree = BUILT_PRODUCTS_DIR; };
		873FC15C2236072C008C7AB5 /* AppDelegate.swift */ = {isa = PBXFileReference; lastKnownFileType = sourcecode.swift; path = AppDelegate.swift; sourceTree = "<group>"; };
		873FC15E2236072D008C7AB5 /* LiveViewController.swift */ = {isa = PBXFileReference; lastKnownFileType = sourcecode.swift; path = LiveViewController.swift; sourceTree = "<group>"; };
		873FC1632236072D008C7AB5 /* Assets.xcassets */ = {isa = PBXFileReference; lastKnownFileType = folder.assetcatalog; path = Assets.xcassets; sourceTree = "<group>"; };
		873FC1662236072D008C7AB5 /* Base */ = {isa = PBXFileReference; lastKnownFileType = file.storyboard; name = Base; path = Base.lproj/LaunchScreen.storyboard; sourceTree = "<group>"; };
		873FC1682236072D008C7AB5 /* Info.plist */ = {isa = PBXFileReference; lastKnownFileType = text.plist.xml; path = Info.plist; sourceTree = "<group>"; };
		87593696223E293300AF47AF /* Colors.swift */ = {isa = PBXFileReference; lastKnownFileType = sourcecode.swift; path = Colors.swift; sourceTree = "<group>"; };
		87593698223E2B2300AF47AF /* UIColor+.swift */ = {isa = PBXFileReference; lastKnownFileType = sourcecode.swift; path = "UIColor+.swift"; sourceTree = "<group>"; };
		87C2146A223614A2001E1FA2 /* LiveViewModel.swift */ = {isa = PBXFileReference; lastKnownFileType = sourcecode.swift; path = LiveViewModel.swift; sourceTree = "<group>"; };
		87C2146C223614FE001E1FA2 /* LiveView.swift */ = {isa = PBXFileReference; lastKnownFileType = sourcecode.swift; path = LiveView.swift; sourceTree = "<group>"; };
		87C2147422361711001E1FA2 /* UIView+.swift */ = {isa = PBXFileReference; lastKnownFileType = sourcecode.swift; path = "UIView+.swift"; sourceTree = "<group>"; };
		87C2147D223628E6001E1FA2 /* NSObjectCoordinator.swift */ = {isa = PBXFileReference; lastKnownFileType = sourcecode.swift; path = NSObjectCoordinator.swift; sourceTree = "<group>"; };
		87C214812236590D001E1FA2 /* SettingViewController.swift */ = {isa = PBXFileReference; lastKnownFileType = sourcecode.swift; path = SettingViewController.swift; sourceTree = "<group>"; };
		87C21485223659F6001E1FA2 /* AlertPresenter.swift */ = {isa = PBXFileReference; lastKnownFileType = sourcecode.swift; path = AlertPresenter.swift; sourceTree = "<group>"; };
		87C2148722365A90001E1FA2 /* SettingViewPresenter.swift */ = {isa = PBXFileReference; lastKnownFileType = sourcecode.swift; path = SettingViewPresenter.swift; sourceTree = "<group>"; };
		87C2148F22365CE9001E1FA2 /* PeerTableViewModel.swift */ = {isa = PBXFileReference; lastKnownFileType = sourcecode.swift; path = PeerTableViewModel.swift; sourceTree = "<group>"; };
		87C2149122365DAE001E1FA2 /* PeerIDTableCell.swift */ = {isa = PBXFileReference; lastKnownFileType = sourcecode.swift; path = PeerIDTableCell.swift; sourceTree = "<group>"; };
		87C2149322365E13001E1FA2 /* ConnectionButtonModel.swift */ = {isa = PBXFileReference; lastKnownFileType = sourcecode.swift; path = ConnectionButtonModel.swift; sourceTree = "<group>"; };
		87C2149522365EE5001E1FA2 /* PeerIDTableProtocols.swift */ = {isa = PBXFileReference; lastKnownFileType = sourcecode.swift; path = PeerIDTableProtocols.swift; sourceTree = "<group>"; };
		87ED8B1922380B5D00251B71 /* CellContentCoordinator.swift */ = {isa = PBXFileReference; lastKnownFileType = sourcecode.swift; path = CellContentCoordinator.swift; sourceTree = "<group>"; };
		96448F30266410C20035B32C /* AVView.swift */ = {isa = PBXFileReference; lastKnownFileType = sourcecode.swift; path = AVView.swift; sourceTree = "<group>"; };
		96448F32266495520035B32C /* UIImage+Ext.swift */ = {isa = PBXFileReference; lastKnownFileType = sourcecode.swift; path = "UIImage+Ext.swift"; sourceTree = "<group>"; };
		967C60C4263A238E00D07BF1 /* LivePresenter.swift */ = {isa = PBXFileReference; fileEncoding = 4; lastKnownFileType = sourcecode.swift; path = LivePresenter.swift; sourceTree = "<group>"; };
		967C60C5263A238E00D07BF1 /* MediaPresenter.swift */ = {isa = PBXFileReference; fileEncoding = 4; lastKnownFileType = sourcecode.swift; path = MediaPresenter.swift; sourceTree = "<group>"; };
		967C60C7263A238E00D07BF1 /* utils.swift */ = {isa = PBXFileReference; fileEncoding = 4; lastKnownFileType = sourcecode.swift; path = utils.swift; sourceTree = "<group>"; };
		967C60C9263A238E00D07BF1 /* BrowserModel.swift */ = {isa = PBXFileReference; fileEncoding = 4; lastKnownFileType = sourcecode.swift; path = BrowserModel.swift; sourceTree = "<group>"; };
		967C60CA263A238E00D07BF1 /* MultipeerProtocols.swift */ = {isa = PBXFileReference; fileEncoding = 4; lastKnownFileType = sourcecode.swift; path = MultipeerProtocols.swift; sourceTree = "<group>"; };
		967C60CB263A238E00D07BF1 /* AdvertisingModel.swift */ = {isa = PBXFileReference; fileEncoding = 4; lastKnownFileType = sourcecode.swift; path = AdvertisingModel.swift; sourceTree = "<group>"; };
		967C60CC263A238E00D07BF1 /* MCSessionManager.swift */ = {isa = PBXFileReference; fileEncoding = 4; lastKnownFileType = sourcecode.swift; path = MCSessionManager.swift; sourceTree = "<group>"; };
		967C60CE263A238E00D07BF1 /* NSObject+.swift */ = {isa = PBXFileReference; fileEncoding = 4; lastKnownFileType = sourcecode.swift; path = "NSObject+.swift"; sourceTree = "<group>"; };
		967C60CF263A238E00D07BF1 /* MCPeerID+.swift */ = {isa = PBXFileReference; fileEncoding = 4; lastKnownFileType = sourcecode.swift; path = "MCPeerID+.swift"; sourceTree = "<group>"; };
		967C60D0263A238E00D07BF1 /* MultipeerKit.h */ = {isa = PBXFileReference; fileEncoding = 4; lastKnownFileType = sourcecode.c.h; path = MultipeerKit.h; sourceTree = "<group>"; };
		967C60D2263A238E00D07BF1 /* RandomGenerater.swift */ = {isa = PBXFileReference; fileEncoding = 4; lastKnownFileType = sourcecode.swift; path = RandomGenerater.swift; sourceTree = "<group>"; };
		967C60D3263A238E00D07BF1 /* PeerIDHelper.swift */ = {isa = PBXFileReference; fileEncoding = 4; lastKnownFileType = sourcecode.swift; path = PeerIDHelper.swift; sourceTree = "<group>"; };
		967C60D4263A238E00D07BF1 /* TimerManager.swift */ = {isa = PBXFileReference; fileEncoding = 4; lastKnownFileType = sourcecode.swift; path = TimerManager.swift; sourceTree = "<group>"; };
		967C60D5263A238E00D07BF1 /* MCStreamHelper.swift */ = {isa = PBXFileReference; fileEncoding = 4; lastKnownFileType = sourcecode.swift; path = MCStreamHelper.swift; sourceTree = "<group>"; };
		967C60D6263A238E00D07BF1 /* VideoOnlyHelper.swift */ = {isa = PBXFileReference; fileEncoding = 4; lastKnownFileType = sourcecode.swift; path = VideoOnlyHelper.swift; sourceTree = "<group>"; };
		967C60D7263A238E00D07BF1 /* DataReader.swift */ = {isa = PBXFileReference; fileEncoding = 4; lastKnownFileType = sourcecode.swift; path = DataReader.swift; sourceTree = "<group>"; };
		967C60DA263A238E00D07BF1 /* CameraProtocols.swift */ = {isa = PBXFileReference; fileEncoding = 4; lastKnownFileType = sourcecode.swift; path = CameraProtocols.swift; sourceTree = "<group>"; };
		967C60DB263A238E00D07BF1 /* SampleBufferCamera.swift */ = {isa = PBXFileReference; fileEncoding = 4; lastKnownFileType = sourcecode.swift; path = SampleBufferCamera.swift; sourceTree = "<group>"; };
		967C60DC263A238E00D07BF1 /* VideoDataConverter.swift */ = {isa = PBXFileReference; fileEncoding = 4; lastKnownFileType = sourcecode.swift; path = VideoDataConverter.swift; sourceTree = "<group>"; };
		967C60DE263A238E00D07BF1 /* AudioPlayer.swift */ = {isa = PBXFileReference; fileEncoding = 4; lastKnownFileType = sourcecode.swift; path = AudioPlayer.swift; sourceTree = "<group>"; };
		967C60DF263A238E00D07BF1 /* AudioProtocols.swift */ = {isa = PBXFileReference; fileEncoding = 4; lastKnownFileType = sourcecode.swift; path = AudioProtocols.swift; sourceTree = "<group>"; };
		967C60E0263A238E00D07BF1 /* AudioCaptureModel.swift */ = {isa = PBXFileReference; fileEncoding = 4; lastKnownFileType = sourcecode.swift; path = AudioCaptureModel.swift; sourceTree = "<group>"; };
		967C60E1263A238E00D07BF1 /* AudioDataConverter.swift */ = {isa = PBXFileReference; fileEncoding = 4; lastKnownFileType = sourcecode.swift; path = AudioDataConverter.swift; sourceTree = "<group>"; };
		967C60F8263A23B300D07BF1 /* README.md */ = {isa = PBXFileReference; fileEncoding = 4; lastKnownFileType = net.daringfireball.markdown; name = README.md; path = ../README.md; sourceTree = "<group>"; };
		967C60F9263A23B300D07BF1 /* Package.swift */ = {isa = PBXFileReference; fileEncoding = 4; lastKnownFileType = sourcecode.swift; name = Package.swift; path = ../Package.swift; sourceTree = "<group>"; };
		967C60FE263A23CD00D07BF1 /* MCSessionManagerTester.swift */ = {isa = PBXFileReference; fileEncoding = 4; lastKnownFileType = sourcecode.swift; path = MCSessionManagerTester.swift; sourceTree = "<group>"; };
		967C60FF263A23CD00D07BF1 /* MultipeerLiveKitTests.swift */ = {isa = PBXFileReference; fileEncoding = 4; lastKnownFileType = sourcecode.swift; path = MultipeerLiveKitTests.swift; sourceTree = "<group>"; };
/* End PBXFileReference section */

/* Begin PBXFrameworksBuildPhase section */
		873FC1562236072C008C7AB5 /* Frameworks */ = {
			isa = PBXFrameworksBuildPhase;
			buildActionMask = 2147483647;
			files = (
				962845D1262F3F9D00D99451 /* MultipeerLiveKit in Frameworks */,
				962845D4262F3FC800D99451 /* SnapKit in Frameworks */,
			);
			runOnlyForDeploymentPostprocessing = 0;
		};
/* End PBXFrameworksBuildPhase section */

/* Begin PBXGroup section */
		873FC1502236072C008C7AB5 = {
			isa = PBXGroup;
			children = (
				967C60F9263A23B300D07BF1 /* Package.swift */,
				967C60F8263A23B300D07BF1 /* README.md */,
				967C60C1263A238E00D07BF1 /* Sources */,
				967C60FC263A23CD00D07BF1 /* Tests */,
				873FC15B2236072C008C7AB5 /* MultiPeerLiveKitDemo */,
				873FC15A2236072C008C7AB5 /* Products */,
				873FC171223608FA008C7AB5 /* Frameworks */,
			);
			sourceTree = "<group>";
		};
		873FC15A2236072C008C7AB5 /* Products */ = {
			isa = PBXGroup;
			children = (
				873FC1592236072C008C7AB5 /* MultiPeerLiveKitDemo.app */,
			);
			name = Products;
			sourceTree = "<group>";
		};
		873FC15B2236072C008C7AB5 /* MultiPeerLiveKitDemo */ = {
			isa = PBXGroup;
			children = (
				873FC15C2236072C008C7AB5 /* AppDelegate.swift */,
				87C2148922365A9D001E1FA2 /* SettingView */,
				87C2148B22365B05001E1FA2 /* LiveView */,
				87C2148C22365B28001E1FA2 /* Extension */,
				87C2148E22365B63001E1FA2 /* Utils */,
				87C2147B223627D5001E1FA2 /* defaultItems */,
			);
			path = MultiPeerLiveKitDemo;
			sourceTree = "<group>";
		};
		873FC171223608FA008C7AB5 /* Frameworks */ = {
			isa = PBXGroup;
			children = (
			);
			name = Frameworks;
			sourceTree = "<group>";
		};
		87C2147B223627D5001E1FA2 /* defaultItems */ = {
			isa = PBXGroup;
			children = (
				873FC1632236072D008C7AB5 /* Assets.xcassets */,
				873FC1652236072D008C7AB5 /* LaunchScreen.storyboard */,
				873FC1682236072D008C7AB5 /* Info.plist */,
			);
			name = defaultItems;
			sourceTree = "<group>";
		};
		87C2148922365A9D001E1FA2 /* SettingView */ = {
			isa = PBXGroup;
			children = (
				87C214812236590D001E1FA2 /* SettingViewController.swift */,
				87C2148722365A90001E1FA2 /* SettingViewPresenter.swift */,
				87C2148F22365CE9001E1FA2 /* PeerTableViewModel.swift */,
				87C2149122365DAE001E1FA2 /* PeerIDTableCell.swift */,
				87ED8B1922380B5D00251B71 /* CellContentCoordinator.swift */,
				87C2149322365E13001E1FA2 /* ConnectionButtonModel.swift */,
				87C2149522365EE5001E1FA2 /* PeerIDTableProtocols.swift */,
			);
			path = SettingView;
			sourceTree = "<group>";
		};
		87C2148B22365B05001E1FA2 /* LiveView */ = {
			isa = PBXGroup;
			children = (
				873FC15E2236072D008C7AB5 /* LiveViewController.swift */,
				87C2146A223614A2001E1FA2 /* LiveViewModel.swift */,
				87C2146C223614FE001E1FA2 /* LiveView.swift */,
				96448F30266410C20035B32C /* AVView.swift */,
			);
			path = LiveView;
			sourceTree = "<group>";
		};
		87C2148C22365B28001E1FA2 /* Extension */ = {
			isa = PBXGroup;
			children = (
				87C2147422361711001E1FA2 /* UIView+.swift */,
				87593698223E2B2300AF47AF /* UIColor+.swift */,
			);
			path = Extension;
			sourceTree = "<group>";
		};
		87C2148E22365B63001E1FA2 /* Utils */ = {
			isa = PBXGroup;
			children = (
				87C2147D223628E6001E1FA2 /* NSObjectCoordinator.swift */,
				87C21485223659F6001E1FA2 /* AlertPresenter.swift */,
				87593696223E293300AF47AF /* Colors.swift */,
			);
			path = Utils;
			sourceTree = "<group>";
		};
		967C60C1263A238E00D07BF1 /* Sources */ = {
			isa = PBXGroup;
			children = (
				967C60C2263A238E00D07BF1 /* MultipeerLiveKit */,
			);
			name = Sources;
			path = ../Sources;
			sourceTree = "<group>";
		};
		967C60C2263A238E00D07BF1 /* MultipeerLiveKit */ = {
			isa = PBXGroup;
			children = (
				967C60C3263A238E00D07BF1 /* Presenter */,
				967C60C6263A238E00D07BF1 /* Utils */,
				967C60C8263A238E00D07BF1 /* Models */,
				967C60CD263A238E00D07BF1 /* Extensions */,
				967C60D0263A238E00D07BF1 /* MultipeerKit.h */,
				967C60D1263A238E00D07BF1 /* Helpers */,
				967C60D8263A238E00D07BF1 /* Media */,
			);
			path = MultipeerLiveKit;
			sourceTree = "<group>";
		};
		967C60C3263A238E00D07BF1 /* Presenter */ = {
			isa = PBXGroup;
			children = (
				967C60C4263A238E00D07BF1 /* LivePresenter.swift */,
				967C60C5263A238E00D07BF1 /* MediaPresenter.swift */,
			);
			path = Presenter;
			sourceTree = "<group>";
		};
		967C60C6263A238E00D07BF1 /* Utils */ = {
			isa = PBXGroup;
			children = (
				967C60C7263A238E00D07BF1 /* utils.swift */,
			);
			path = Utils;
			sourceTree = "<group>";
		};
		967C60C8263A238E00D07BF1 /* Models */ = {
			isa = PBXGroup;
			children = (
				967C60C9263A238E00D07BF1 /* BrowserModel.swift */,
				967C60CA263A238E00D07BF1 /* MultipeerProtocols.swift */,
				967C60CB263A238E00D07BF1 /* AdvertisingModel.swift */,
				967C60CC263A238E00D07BF1 /* MCSessionManager.swift */,
			);
			path = Models;
			sourceTree = "<group>";
		};
		967C60CD263A238E00D07BF1 /* Extensions */ = {
			isa = PBXGroup;
			children = (
				967C60CE263A238E00D07BF1 /* NSObject+.swift */,
				967C60CF263A238E00D07BF1 /* MCPeerID+.swift */,
				96448F32266495520035B32C /* UIImage+Ext.swift */,
			);
			path = Extensions;
			sourceTree = "<group>";
		};
		967C60D1263A238E00D07BF1 /* Helpers */ = {
			isa = PBXGroup;
			children = (
				967C60D2263A238E00D07BF1 /* RandomGenerater.swift */,
				967C60D3263A238E00D07BF1 /* PeerIDHelper.swift */,
				967C60D4263A238E00D07BF1 /* TimerManager.swift */,
				967C60D5263A238E00D07BF1 /* MCStreamHelper.swift */,
				967C60D6263A238E00D07BF1 /* VideoOnlyHelper.swift */,
				967C60D7263A238E00D07BF1 /* DataReader.swift */,
			);
			path = Helpers;
			sourceTree = "<group>";
		};
		967C60D8263A238E00D07BF1 /* Media */ = {
			isa = PBXGroup;
			children = (
				967C60D9263A238E00D07BF1 /* Camera */,
				967C60DD263A238E00D07BF1 /* Audio */,
			);
			path = Media;
			sourceTree = "<group>";
		};
		967C60D9263A238E00D07BF1 /* Camera */ = {
			isa = PBXGroup;
			children = (
				967C60DA263A238E00D07BF1 /* CameraProtocols.swift */,
				967C60DB263A238E00D07BF1 /* SampleBufferCamera.swift */,
				967C60DC263A238E00D07BF1 /* VideoDataConverter.swift */,
			);
			path = Camera;
			sourceTree = "<group>";
		};
		967C60DD263A238E00D07BF1 /* Audio */ = {
			isa = PBXGroup;
			children = (
				967C60DE263A238E00D07BF1 /* AudioPlayer.swift */,
				967C60DF263A238E00D07BF1 /* AudioProtocols.swift */,
				967C60E0263A238E00D07BF1 /* AudioCaptureModel.swift */,
				967C60E1263A238E00D07BF1 /* AudioDataConverter.swift */,
			);
			path = Audio;
			sourceTree = "<group>";
		};
		967C60FC263A23CD00D07BF1 /* Tests */ = {
			isa = PBXGroup;
			children = (
				967C60FD263A23CD00D07BF1 /* MultipeerLiveKitTests */,
			);
			name = Tests;
			path = ../Tests;
			sourceTree = "<group>";
		};
		967C60FD263A23CD00D07BF1 /* MultipeerLiveKitTests */ = {
			isa = PBXGroup;
			children = (
				967C60FE263A23CD00D07BF1 /* MCSessionManagerTester.swift */,
				967C60FF263A23CD00D07BF1 /* MultipeerLiveKitTests.swift */,
			);
			path = MultipeerLiveKitTests;
			sourceTree = "<group>";
		};
/* End PBXGroup section */

/* Begin PBXNativeTarget section */
		873FC1582236072C008C7AB5 /* MultiPeerLiveKitDemo */ = {
			isa = PBXNativeTarget;
			buildConfigurationList = 873FC16B2236072D008C7AB5 /* Build configuration list for PBXNativeTarget "MultiPeerLiveKitDemo" */;
			buildPhases = (
				873FC1552236072C008C7AB5 /* Sources */,
				873FC1562236072C008C7AB5 /* Frameworks */,
				873FC1572236072C008C7AB5 /* Resources */,
				873FC1782236090F008C7AB5 /* Embed Frameworks */,
			);
			buildRules = (
			);
			dependencies = (
			);
			name = MultiPeerLiveKitDemo;
			packageProductDependencies = (
				962845D0262F3F9D00D99451 /* MultipeerLiveKit */,
				962845D3262F3FC800D99451 /* SnapKit */,
			);
			productName = MultiPeerKitDemo;
			productReference = 873FC1592236072C008C7AB5 /* MultiPeerLiveKitDemo.app */;
			productType = "com.apple.product-type.application";
		};
/* End PBXNativeTarget section */

/* Begin PBXProject section */
		873FC1512236072C008C7AB5 /* Project object */ = {
			isa = PBXProject;
			attributes = {
				LastSwiftUpdateCheck = 1010;
				LastUpgradeCheck = 1250;
				ORGANIZATIONNAME = "Takashi Miyazaki";
				TargetAttributes = {
					873FC1582236072C008C7AB5 = {
						CreatedOnToolsVersion = 10.1;
						LastSwiftMigration = 1250;
						SystemCapabilities = {
							com.apple.Keychain = {
								enabled = 0;
							};
						};
					};
				};
			};
			buildConfigurationList = 873FC1542236072C008C7AB5 /* Build configuration list for PBXProject "MultiPeerLiveKitDemo" */;
			compatibilityVersion = "Xcode 9.3";
			developmentRegion = en;
			hasScannedForEncodings = 0;
			knownRegions = (
				en,
				Base,
			);
			mainGroup = 873FC1502236072C008C7AB5;
			packageReferences = (
				962845CF262F3F9D00D99451 /* XCRemoteSwiftPackageReference "MultipeerLiveKit" */,
				962845D2262F3FC800D99451 /* XCRemoteSwiftPackageReference "SnapKit" */,
			);
			productRefGroup = 873FC15A2236072C008C7AB5 /* Products */;
			projectDirPath = "";
			projectRoot = "";
			targets = (
				873FC1582236072C008C7AB5 /* MultiPeerLiveKitDemo */,
			);
		};
/* End PBXProject section */

/* Begin PBXResourcesBuildPhase section */
		873FC1572236072C008C7AB5 /* Resources */ = {
			isa = PBXResourcesBuildPhase;
			buildActionMask = 2147483647;
			files = (
				967C60FA263A23B300D07BF1 /* README.md in Resources */,
				873FC1672236072D008C7AB5 /* LaunchScreen.storyboard in Resources */,
				873FC1642236072D008C7AB5 /* Assets.xcassets in Resources */,
			);
			runOnlyForDeploymentPostprocessing = 0;
		};
/* End PBXResourcesBuildPhase section */

/* Begin PBXSourcesBuildPhase section */
		873FC1552236072C008C7AB5 /* Sources */ = {
			isa = PBXSourcesBuildPhase;
			buildActionMask = 2147483647;
			files = (
				873FC15F2236072D008C7AB5 /* LiveViewController.swift in Sources */,
				87593697223E293300AF47AF /* Colors.swift in Sources */,
				967C60F5263A238E00D07BF1 /* AudioProtocols.swift in Sources */,
				87C2147E223628E6001E1FA2 /* NSObjectCoordinator.swift in Sources */,
				87C2149022365CE9001E1FA2 /* PeerTableViewModel.swift in Sources */,
				87C2149222365DAE001E1FA2 /* PeerIDTableCell.swift in Sources */,
				967C60ED263A238E00D07BF1 /* TimerManager.swift in Sources */,
				967C60E3263A238E00D07BF1 /* MediaPresenter.swift in Sources */,
				87C2146D223614FE001E1FA2 /* LiveView.swift in Sources */,
				967C60E6263A238E00D07BF1 /* MultipeerProtocols.swift in Sources */,
				967C60E2263A238E00D07BF1 /* LivePresenter.swift in Sources */,
				967C60F2263A238E00D07BF1 /* SampleBufferCamera.swift in Sources */,
				87ED8B1A22380B5E00251B71 /* CellContentCoordinator.swift in Sources */,
				87C2148822365A90001E1FA2 /* SettingViewPresenter.swift in Sources */,
				967C60F6263A238E00D07BF1 /* AudioCaptureModel.swift in Sources */,
				967C60F7263A238E00D07BF1 /* AudioDataConverter.swift in Sources */,
				87C21486223659F6001E1FA2 /* AlertPresenter.swift in Sources */,
				967C60EB263A238E00D07BF1 /* RandomGenerater.swift in Sources */,
				967C60E7263A238E00D07BF1 /* AdvertisingModel.swift in Sources */,
				967C60E9263A238E00D07BF1 /* NSObject+.swift in Sources */,
				96448F31266410C20035B32C /* AVView.swift in Sources */,
				967C60E4263A238E00D07BF1 /* utils.swift in Sources */,
				967C60F0263A238E00D07BF1 /* DataReader.swift in Sources */,
				967C60EF263A238E00D07BF1 /* VideoOnlyHelper.swift in Sources */,
				967C60F3263A238E00D07BF1 /* VideoDataConverter.swift in Sources */,
				96448F33266495520035B32C /* UIImage+Ext.swift in Sources */,
				967C60EC263A238E00D07BF1 /* PeerIDHelper.swift in Sources */,
				87C214822236590D001E1FA2 /* SettingViewController.swift in Sources */,
				87C2146B223614A2001E1FA2 /* LiveViewModel.swift in Sources */,
				87593699223E2B2300AF47AF /* UIColor+.swift in Sources */,
				87C2147522361711001E1FA2 /* UIView+.swift in Sources */,
				87C2149422365E13001E1FA2 /* ConnectionButtonModel.swift in Sources */,
				967C60F4263A238E00D07BF1 /* AudioPlayer.swift in Sources */,
				87C2149622365EE5001E1FA2 /* PeerIDTableProtocols.swift in Sources */,
				967C60E5263A238E00D07BF1 /* BrowserModel.swift in Sources */,
				967C60EE263A238E00D07BF1 /* MCStreamHelper.swift in Sources */,
				967C60E8263A238E00D07BF1 /* MCSessionManager.swift in Sources */,
				873FC15D2236072C008C7AB5 /* AppDelegate.swift in Sources */,
				967C60F1263A238E00D07BF1 /* CameraProtocols.swift in Sources */,
				967C60EA263A238E00D07BF1 /* MCPeerID+.swift in Sources */,
			);
			runOnlyForDeploymentPostprocessing = 0;
		};
/* End PBXSourcesBuildPhase section */

/* Begin PBXVariantGroup section */
		873FC1652236072D008C7AB5 /* LaunchScreen.storyboard */ = {
			isa = PBXVariantGroup;
			children = (
				873FC1662236072D008C7AB5 /* Base */,
			);
			name = LaunchScreen.storyboard;
			sourceTree = "<group>";
		};
/* End PBXVariantGroup section */

/* Begin XCBuildConfiguration section */
		873FC1692236072D008C7AB5 /* Debug */ = {
			isa = XCBuildConfiguration;
			buildSettings = {
				ALWAYS_SEARCH_USER_PATHS = NO;
				CLANG_ANALYZER_NONNULL = YES;
				CLANG_ANALYZER_NUMBER_OBJECT_CONVERSION = YES_AGGRESSIVE;
				CLANG_CXX_LANGUAGE_STANDARD = "gnu++14";
				CLANG_CXX_LIBRARY = "libc++";
				CLANG_ENABLE_MODULES = YES;
				CLANG_ENABLE_OBJC_ARC = YES;
				CLANG_ENABLE_OBJC_WEAK = YES;
				CLANG_WARN_BLOCK_CAPTURE_AUTORELEASING = YES;
				CLANG_WARN_BOOL_CONVERSION = YES;
				CLANG_WARN_COMMA = YES;
				CLANG_WARN_CONSTANT_CONVERSION = YES;
				CLANG_WARN_DEPRECATED_OBJC_IMPLEMENTATIONS = YES;
				CLANG_WARN_DIRECT_OBJC_ISA_USAGE = YES_ERROR;
				CLANG_WARN_DOCUMENTATION_COMMENTS = YES;
				CLANG_WARN_EMPTY_BODY = YES;
				CLANG_WARN_ENUM_CONVERSION = YES;
				CLANG_WARN_INFINITE_RECURSION = YES;
				CLANG_WARN_INT_CONVERSION = YES;
				CLANG_WARN_NON_LITERAL_NULL_CONVERSION = YES;
				CLANG_WARN_OBJC_IMPLICIT_RETAIN_SELF = YES;
				CLANG_WARN_OBJC_LITERAL_CONVERSION = YES;
				CLANG_WARN_OBJC_ROOT_CLASS = YES_ERROR;
				CLANG_WARN_QUOTED_INCLUDE_IN_FRAMEWORK_HEADER = YES;
				CLANG_WARN_RANGE_LOOP_ANALYSIS = YES;
				CLANG_WARN_STRICT_PROTOTYPES = YES;
				CLANG_WARN_SUSPICIOUS_MOVE = YES;
				CLANG_WARN_UNGUARDED_AVAILABILITY = YES_AGGRESSIVE;
				CLANG_WARN_UNREACHABLE_CODE = YES;
				CLANG_WARN__DUPLICATE_METHOD_MATCH = YES;
				CODE_SIGN_IDENTITY = "iPhone Developer";
				COPY_PHASE_STRIP = NO;
				DEBUG_INFORMATION_FORMAT = dwarf;
				ENABLE_STRICT_OBJC_MSGSEND = YES;
				ENABLE_TESTABILITY = YES;
				FRAMEWORK_SEARCH_PATHS = (
					"$(inherited)",
					"$(PROJECT_DIR)",
				);
				GCC_C_LANGUAGE_STANDARD = gnu11;
				GCC_DYNAMIC_NO_PIC = NO;
				GCC_NO_COMMON_BLOCKS = YES;
				GCC_OPTIMIZATION_LEVEL = 0;
				GCC_PREPROCESSOR_DEFINITIONS = (
					"DEBUG=1",
					"$(inherited)",
				);
				GCC_WARN_64_TO_32_BIT_CONVERSION = YES;
				GCC_WARN_ABOUT_RETURN_TYPE = YES_ERROR;
				GCC_WARN_UNDECLARED_SELECTOR = YES;
				GCC_WARN_UNINITIALIZED_AUTOS = YES_AGGRESSIVE;
				GCC_WARN_UNUSED_FUNCTION = YES;
				GCC_WARN_UNUSED_VARIABLE = YES;
				IPHONEOS_DEPLOYMENT_TARGET = 13.6;
				MTL_ENABLE_DEBUG_INFO = INCLUDE_SOURCE;
				MTL_FAST_MATH = YES;
				ONLY_ACTIVE_ARCH = YES;
				SDKROOT = iphoneos;
				SWIFT_ACTIVE_COMPILATION_CONDITIONS = DEBUG;
				SWIFT_OPTIMIZATION_LEVEL = "-Onone";
			};
			name = Debug;
		};
		873FC16A2236072D008C7AB5 /* Release */ = {
			isa = XCBuildConfiguration;
			buildSettings = {
				ALWAYS_SEARCH_USER_PATHS = NO;
				CLANG_ANALYZER_NONNULL = YES;
				CLANG_ANALYZER_NUMBER_OBJECT_CONVERSION = YES_AGGRESSIVE;
				CLANG_CXX_LANGUAGE_STANDARD = "gnu++14";
				CLANG_CXX_LIBRARY = "libc++";
				CLANG_ENABLE_MODULES = YES;
				CLANG_ENABLE_OBJC_ARC = YES;
				CLANG_ENABLE_OBJC_WEAK = YES;
				CLANG_WARN_BLOCK_CAPTURE_AUTORELEASING = YES;
				CLANG_WARN_BOOL_CONVERSION = YES;
				CLANG_WARN_COMMA = YES;
				CLANG_WARN_CONSTANT_CONVERSION = YES;
				CLANG_WARN_DEPRECATED_OBJC_IMPLEMENTATIONS = YES;
				CLANG_WARN_DIRECT_OBJC_ISA_USAGE = YES_ERROR;
				CLANG_WARN_DOCUMENTATION_COMMENTS = YES;
				CLANG_WARN_EMPTY_BODY = YES;
				CLANG_WARN_ENUM_CONVERSION = YES;
				CLANG_WARN_INFINITE_RECURSION = YES;
				CLANG_WARN_INT_CONVERSION = YES;
				CLANG_WARN_NON_LITERAL_NULL_CONVERSION = YES;
				CLANG_WARN_OBJC_IMPLICIT_RETAIN_SELF = YES;
				CLANG_WARN_OBJC_LITERAL_CONVERSION = YES;
				CLANG_WARN_OBJC_ROOT_CLASS = YES_ERROR;
				CLANG_WARN_QUOTED_INCLUDE_IN_FRAMEWORK_HEADER = YES;
				CLANG_WARN_RANGE_LOOP_ANALYSIS = YES;
				CLANG_WARN_STRICT_PROTOTYPES = YES;
				CLANG_WARN_SUSPICIOUS_MOVE = YES;
				CLANG_WARN_UNGUARDED_AVAILABILITY = YES_AGGRESSIVE;
				CLANG_WARN_UNREACHABLE_CODE = YES;
				CLANG_WARN__DUPLICATE_METHOD_MATCH = YES;
				CODE_SIGN_IDENTITY = "iPhone Developer";
				COPY_PHASE_STRIP = NO;
				DEBUG_INFORMATION_FORMAT = "dwarf-with-dsym";
				ENABLE_NS_ASSERTIONS = NO;
				ENABLE_STRICT_OBJC_MSGSEND = YES;
				FRAMEWORK_SEARCH_PATHS = (
					"$(inherited)",
					"$(PROJECT_DIR)",
				);
				GCC_C_LANGUAGE_STANDARD = gnu11;
				GCC_NO_COMMON_BLOCKS = YES;
				GCC_WARN_64_TO_32_BIT_CONVERSION = YES;
				GCC_WARN_ABOUT_RETURN_TYPE = YES_ERROR;
				GCC_WARN_UNDECLARED_SELECTOR = YES;
				GCC_WARN_UNINITIALIZED_AUTOS = YES_AGGRESSIVE;
				GCC_WARN_UNUSED_FUNCTION = YES;
				GCC_WARN_UNUSED_VARIABLE = YES;
				IPHONEOS_DEPLOYMENT_TARGET = 13.6;
				MTL_ENABLE_DEBUG_INFO = NO;
				MTL_FAST_MATH = YES;
				SDKROOT = iphoneos;
				SWIFT_COMPILATION_MODE = wholemodule;
				SWIFT_OPTIMIZATION_LEVEL = "-O";
				VALIDATE_PRODUCT = YES;
			};
			name = Release;
		};
		873FC16C2236072D008C7AB5 /* Debug */ = {
			isa = XCBuildConfiguration;
			buildSettings = {
				ASSETCATALOG_COMPILER_APPICON_NAME = AppIcon;
				CODE_SIGN_IDENTITY = "iPhone Developer";
				CODE_SIGN_STYLE = Automatic;
				DEVELOPMENT_TEAM = 8S7Y6KVRU5;
				FRAMEWORK_SEARCH_PATHS = (
					"$(inherited)",
					"$(PROJECT_DIR)",
				);
				INFOPLIST_FILE = "$(SRCROOT)/MultiPeerLiveKitDemo/Info.plist";
				IPHONEOS_DEPLOYMENT_TARGET = 13.6;
				LD_RUNPATH_SEARCH_PATHS = (
					"$(inherited)",
					"@executable_path/Frameworks",
				);
				PRODUCT_BUNDLE_IDENTIFIER = com.wildthink.demo.MultiPeerLiveKitDemo;
				PRODUCT_NAME = "$(TARGET_NAME)";
				PROVISIONING_PROFILE_SPECIFIER = "";
				SUPPORTS_MACCATALYST = NO;
				SWIFT_VERSION = 5.0;
				TARGETED_DEVICE_FAMILY = "1,2";
			};
			name = Debug;
		};
		873FC16D2236072D008C7AB5 /* Release */ = {
			isa = XCBuildConfiguration;
			buildSettings = {
				ASSETCATALOG_COMPILER_APPICON_NAME = AppIcon;
				CODE_SIGN_IDENTITY = "iPhone Developer";
				CODE_SIGN_STYLE = Automatic;
				DEVELOPMENT_TEAM = 8S7Y6KVRU5;
				FRAMEWORK_SEARCH_PATHS = (
					"$(inherited)",
					"$(PROJECT_DIR)",
				);
				INFOPLIST_FILE = "$(SRCROOT)/MultiPeerLiveKitDemo/Info.plist";
				IPHONEOS_DEPLOYMENT_TARGET = 13.6;
				LD_RUNPATH_SEARCH_PATHS = (
					"$(inherited)",
					"@executable_path/Frameworks",
				);
				PRODUCT_BUNDLE_IDENTIFIER = com.wildthink.demo.MultiPeerLiveKitDemo;
				PRODUCT_NAME = "$(TARGET_NAME)";
				PROVISIONING_PROFILE_SPECIFIER = "";
				SUPPORTS_MACCATALYST = NO;
				SWIFT_VERSION = 5.0;
				TARGETED_DEVICE_FAMILY = "1,2";
			};
			name = Release;
		};
/* End XCBuildConfiguration section */

/* Begin XCConfigurationList section */
		873FC1542236072C008C7AB5 /* Build configuration list for PBXProject "MultiPeerLiveKitDemo" */ = {
			isa = XCConfigurationList;
			buildConfigurations = (
				873FC1692236072D008C7AB5 /* Debug */,
				873FC16A2236072D008C7AB5 /* Release */,
			);
			defaultConfigurationIsVisible = 0;
			defaultConfigurationName = Release;
		};
		873FC16B2236072D008C7AB5 /* Build configuration list for PBXNativeTarget "MultiPeerLiveKitDemo" */ = {
			isa = XCConfigurationList;
			buildConfigurations = (
				873FC16C2236072D008C7AB5 /* Debug */,
				873FC16D2236072D008C7AB5 /* Release */,
			);
			defaultConfigurationIsVisible = 0;
			defaultConfigurationName = Release;
		};
/* End XCConfigurationList section */

/* Begin XCRemoteSwiftPackageReference section */
		962845CF262F3F9D00D99451 /* XCRemoteSwiftPackageReference "MultipeerLiveKit" */ = {
			isa = XCRemoteSwiftPackageReference;
			repositoryURL = "https://github.com/wildthink/MultipeerLiveKit";
			requirement = {
				branch = main;
				kind = branch;
			};
		};
		962845D2262F3FC800D99451 /* XCRemoteSwiftPackageReference "SnapKit" */ = {
			isa = XCRemoteSwiftPackageReference;
			repositoryURL = "https://github.com/SnapKit/SnapKit";
			requirement = {
				kind = upToNextMajorVersion;
				minimumVersion = 5.0.1;
			};
		};
/* End XCRemoteSwiftPackageReference section */

/* Begin XCSwiftPackageProductDependency section */
		962845D0262F3F9D00D99451 /* MultipeerLiveKit */ = {
			isa = XCSwiftPackageProductDependency;
			package = 962845CF262F3F9D00D99451 /* XCRemoteSwiftPackageReference "MultipeerLiveKit" */;
			productName = MultipeerLiveKit;
		};
		962845D3262F3FC800D99451 /* SnapKit */ = {
			isa = XCSwiftPackageProductDependency;
			package = 962845D2262F3FC800D99451 /* XCRemoteSwiftPackageReference "SnapKit" */;
			productName = SnapKit;
		};
/* End XCSwiftPackageProductDependency section */
	};
	rootObject = 873FC1512236072C008C7AB5 /* Project object */;
}
